
Microsoft Visual Studio Solution File, Format Version 12.00
# Visual Studio Version 17
VisualStudioVersion = 17.11.35312.102
MinimumVisualStudioVersion = 10.0.40219.1
Project("{2150E333-8FDC-42A3-9474-1A3956D46DE8}") = "Task0", "Task0", "{38DCA28D-C51B-476B-9A0D-068E8B9945CA}"
EndProject
Project("{9A19103F-16F7-4668-BE54-9A1E7A4F7556}") = "Tyuiu.SychevAD.Sprint1.Task0.V15", "Tyuiu.SychevAD.Sprint1.Task0.V15\Tyuiu.SychevAD.Sprint1.Task0.V15.csproj", "{A0798D86-689A-4DF2-8523-0D04BC5A646F}"
EndProject
Project("{9A19103F-16F7-4668-BE54-9A1E7A4F7556}") = "Tyuiu.SychevAD.Sprint1.Task0.V15.Lib", "Tyuiu.SychevAD.Sprint1.Task0.V15.Lib\Tyuiu.SychevAD.Sprint1.Task0.V15.Lib.csproj", "{9A9C4643-D4B6-40F5-BD46-08BEA01369A0}"
EndProject
Project("{9A19103F-16F7-4668-BE54-9A1E7A4F7556}") = "Tyuiu.SychevAD.Sprint1.Task0.V15.Test", "Tyuiu.SychevAD.Sprint1.Task0.V15.Test\Tyuiu.SychevAD.Sprint1.Task0.V15.Test.csproj", "{16B43E43-D17E-4508-A30C-1CE742956AE0}"
EndProject
Project("{2150E333-8FDC-42A3-9474-1A3956D46DE8}") = "Task1", "Task1", "{8A7CA8AF-4A74-422D-AAEF-949048A834E8}"
EndProject
Project("{9A19103F-16F7-4668-BE54-9A1E7A4F7556}") = "Tyuiu.SychevAD.Sprint1.Task1.V6", "Tyuiu.SychevAD.Sprint1.Task1.V6\Tyuiu.SychevAD.Sprint1.Task1.V6.csproj", "{D7D44E94-5911-4124-9771-2BCC9328512C}"
EndProject
Project("{9A19103F-16F7-4668-BE54-9A1E7A4F7556}") = "Tyuiu.SychevAD.Sprint1.Task1.V6.Test", "Tyuiu.SychevAD.Sprint1.Task1.V6.Test\Tyuiu.SychevAD.Sprint1.Task1.V6.Test.csproj", "{19A54FFA-311E-45DF-A236-AF1EA0B5D98F}"
EndProject
Project("{9A19103F-16F7-4668-BE54-9A1E7A4F7556}") = "Tyuiu.SychevAD.Sprint1.Task1.V6.Lib", "Tyuiu.SychevAD.Sprint1.Task1.V6.Lib\Tyuiu.SychevAD.Sprint1.Task1.V6.Lib.csproj", "{CAA26789-8DC2-4C23-9547-EA554D85D274}"
EndProject
Project("{2150E333-8FDC-42A3-9474-1A3956D46DE8}") = "Task2", "Task2", "{2E533942-3117-40E2-91BD-FF0116C674A0}"
EndProject
Project("{9A19103F-16F7-4668-BE54-9A1E7A4F7556}") = "Tyuiu.SychevAD.Sprint1.Task2.V20", "Tyuiu.SychevAD.Sprint1.Task2.V20\Tyuiu.SychevAD.Sprint1.Task2.V20.csproj", "{3DD2169B-13C2-48CF-B5AB-CFA651A40C96}"
EndProject
Project("{9A19103F-16F7-4668-BE54-9A1E7A4F7556}") = "Tyuiu.SychevAD.Sprint1.Task2.V20.Lib", "Tyuiu.SychevAD.Sprint1.Task2.V20.Lib\Tyuiu.SychevAD.Sprint1.Task2.V20.Lib.csproj", "{1E5505A7-6101-498E-B12D-56CD70CDF32D}"
EndProject
Project("{9A19103F-16F7-4668-BE54-9A1E7A4F7556}") = "Tyuiu.SychevAD.Sprint1.Task2.V20.Test", "Tyuiu.SychevAD.Sprint1.Task2.V20.Test\Tyuiu.SychevAD.Sprint1.Task2.V20.Test.csproj", "{3A8CF6A4-A5EA-4734-86B1-7D8FC33F63F8}"
EndProject
Project("{2150E333-8FDC-42A3-9474-1A3956D46DE8}") = "Task3", "Task3", "{A5C9B364-DDA6-4E51-ADFA-7462EA3F2C00}"
EndProject
Project("{9A19103F-16F7-4668-BE54-9A1E7A4F7556}") = "Tyuiu.SychevAD.Sprint1.Task3.V12", "Tyuiu.SychevAD.Sprint1.Task3.V12\Tyuiu.SychevAD.Sprint1.Task3.V12.csproj", "{C143301F-E7FF-440C-A4A2-796A6D03BE1F}"
EndProject
Project("{9A19103F-16F7-4668-BE54-9A1E7A4F7556}") = "Tyuiu.SychevAD.Sprint1.Task3.V12.Test", "Tyuiu.SychevAD.Sprint1.Task3.V12.Test\Tyuiu.SychevAD.Sprint1.Task3.V12.Test.csproj", "{B478C29D-E3F9-43B1-9372-7F21DB3ED4D2}"
EndProject
Project("{9A19103F-16F7-4668-BE54-9A1E7A4F7556}") = "Tyuiu.SychevAD.Sprint1.Task3.V12.Lib", "Tyuiu.SychevAD.Sprint1.Task3.V12.Lib\Tyuiu.SychevAD.Sprint1.Task3.V12.Lib.csproj", "{B2FC8DF4-6B3C-477B-AD86-89FC021591ED}"
EndProject
Project("{2150E333-8FDC-42A3-9474-1A3956D46DE8}") = "Task4", "Task4", "{B6E932E7-B965-4A1A-BCCD-5C128D867D20}"
EndProject
Project("{9A19103F-16F7-4668-BE54-9A1E7A4F7556}") = "Tyuiu.SychevAD.Sprint1.Task4.V15", "Tyuiu.SychevAD.Sprint1.Task4.V15\Tyuiu.SychevAD.Sprint1.Task4.V15.csproj", "{007C7D90-DAE1-42CF-862B-2EAF7DFEDE7A}"
EndProject
Project("{9A19103F-16F7-4668-BE54-9A1E7A4F7556}") = "Tyuiu.SychevAD.Sprint1.Task4.V15.Lib", "Tyuiu.SychevAD.Sprint1.Task4.V15.Lib\Tyuiu.SychevAD.Sprint1.Task4.V15.Lib.csproj", "{1713D8BF-0B8F-4E3B-88EC-8BF560D2F34E}"
EndProject
Project("{9A19103F-16F7-4668-BE54-9A1E7A4F7556}") = "Tyuiu.SychevAD.Sprint1.Task4.V15.Test", "Tyuiu.SychevAD.Sprint1.Task4.V15.Test\Tyuiu.SychevAD.Sprint1.Task4.V15.Test.csproj", "{52069B66-4744-49BF-B2B3-42B2FB084F9E}"
EndProject
Project("{2150E333-8FDC-42A3-9474-1A3956D46DE8}") = "Task5", "Task5", "{03E40EC3-228B-41E4-80AF-4A638D7BD9E3}"
EndProject
Project("{9A19103F-16F7-4668-BE54-9A1E7A4F7556}") = "Tyuiu.SychevAD.Sprint1.Task5.V7", "Tyuiu.SychevAD.Sprint1.Task5.V7\Tyuiu.SychevAD.Sprint1.Task5.V7.csproj", "{2E8A4AC7-9BD0-4D94-AE4A-BA8397FAB590}"
EndProject
Project("{9A19103F-16F7-4668-BE54-9A1E7A4F7556}") = "Tyuiu.SychevAD.Sprint1.Task5.V7.Test", "Tyuiu.SychevAD.Sprint1.Task5.V7.Test\Tyuiu.SychevAD.Sprint1.Task5.V7.Test.csproj", "{B14F6D9E-3290-4CE2-B01E-618A2E2CC93D}"
EndProject
Project("{9A19103F-16F7-4668-BE54-9A1E7A4F7556}") = "Tyuiu.SychevAD.Sprint1.Task5.V7.Lib", "Tyuiu.SychevAD.Sprint1.Task5.V7.Lib\Tyuiu.SychevAD.Sprint1.Task5.V7.Lib.csproj", "{EBA213F3-4A3A-436F-BE4C-1FC21F9ADF4C}"
EndProject
Project("{2150E333-8FDC-42A3-9474-1A3956D46DE8}") = "Task6", "Task6", "{DA50BCF3-3F06-4BAB-8820-6AE279D03118}"
EndProject
Project("{2150E333-8FDC-42A3-9474-1A3956D46DE8}") = "Task7", "Task7", "{589F3AE1-E211-4426-BBB4-0A364958E9AC}"
EndProject
Project("{FAE04EC0-301F-11D3-BF4B-00C04F79EFBC}") = "Tyuiu.SychevAD.Sprint1.Task6.V10", "Tyuiu.SychevAD.Sprint1.Task6.V10\Tyuiu.SychevAD.Sprint1.Task6.V10.csproj", "{461BA9C7-F5EE-4396-88C7-DCFF5391BA7F}"
EndProject
Project("{FAE04EC0-301F-11D3-BF4B-00C04F79EFBC}") = "Tyuiu.SychevAD.Sprint1.Task6.V10.Lib", "Tyuiu.SychevAD.Sprint1.Task6.V10.Lib\Tyuiu.SychevAD.Sprint1.Task6.V10.Lib.csproj", "{921B527E-A4ED-4C24-91D5-D2F41F129D8C}"
EndProject
Project("{FAE04EC0-301F-11D3-BF4B-00C04F79EFBC}") = "Tyuiu.SychevAD.Sprint1.Task6.V10.Test", "Tyuiu.SychevAD.Sprint1.Task6.V10.Test\Tyuiu.SychevAD.Sprint1.Task6.V10.Test.csproj", "{82642626-D923-42B8-9ECF-47E801B140B2}"
EndProject
Project("{FAE04EC0-301F-11D3-BF4B-00C04F79EFBC}") = "Tyuiu.SychevAD.Sprint1.Task7.V14", "Tyuiu.SychevAD.Sprint1.Task7.V14\Tyuiu.SychevAD.Sprint1.Task7.V14.csproj", "{1D8EFCFD-602E-47D5-BA31-F73D3BEA5A02}"
EndProject
Project("{FAE04EC0-301F-11D3-BF4B-00C04F79EFBC}") = "Tyuiu.SychevAD.Sprint1.Task7.V14.Test", "Tyuiu.SychevAD.Sprint1.Task7.V14.Test\Tyuiu.SychevAD.Sprint1.Task7.V14.Test.csproj", "{1293A4F2-960A-4413-A3F1-04F0B16293AE}"
EndProject
Project("{FAE04EC0-301F-11D3-BF4B-00C04F79EFBC}") = "Tyuiu.SychevAD.Sprint1.Task7.V14.Lib", "Tyuiu.SychevAD.Sprint1.Task7.V14.Lib\Tyuiu.SychevAD.Sprint1.Task7.V14.Lib.csproj", "{9F052FCC-F69C-4B2C-A7FF-4AA2FC7381A6}"
EndProject
Global
	GlobalSection(SolutionConfigurationPlatforms) = preSolution
		Debug|Any CPU = Debug|Any CPU
		Release|Any CPU = Release|Any CPU
	EndGlobalSection
	GlobalSection(ProjectConfigurationPlatforms) = postSolution
		{A0798D86-689A-4DF2-8523-0D04BC5A646F}.Debug|Any CPU.ActiveCfg = Debug|Any CPU
		{A0798D86-689A-4DF2-8523-0D04BC5A646F}.Debug|Any CPU.Build.0 = Debug|Any CPU
		{A0798D86-689A-4DF2-8523-0D04BC5A646F}.Release|Any CPU.ActiveCfg = Release|Any CPU
		{A0798D86-689A-4DF2-8523-0D04BC5A646F}.Release|Any CPU.Build.0 = Release|Any CPU
		{9A9C4643-D4B6-40F5-BD46-08BEA01369A0}.Debug|Any CPU.ActiveCfg = Debug|Any CPU
		{9A9C4643-D4B6-40F5-BD46-08BEA01369A0}.Debug|Any CPU.Build.0 = Debug|Any CPU
		{9A9C4643-D4B6-40F5-BD46-08BEA01369A0}.Release|Any CPU.ActiveCfg = Release|Any CPU
		{9A9C4643-D4B6-40F5-BD46-08BEA01369A0}.Release|Any CPU.Build.0 = Release|Any CPU
		{16B43E43-D17E-4508-A30C-1CE742956AE0}.Debug|Any CPU.ActiveCfg = Debug|Any CPU
		{16B43E43-D17E-4508-A30C-1CE742956AE0}.Debug|Any CPU.Build.0 = Debug|Any CPU
		{16B43E43-D17E-4508-A30C-1CE742956AE0}.Release|Any CPU.ActiveCfg = Release|Any CPU
		{16B43E43-D17E-4508-A30C-1CE742956AE0}.Release|Any CPU.Build.0 = Release|Any CPU
		{D7D44E94-5911-4124-9771-2BCC9328512C}.Debug|Any CPU.ActiveCfg = Debug|Any CPU
		{D7D44E94-5911-4124-9771-2BCC9328512C}.Debug|Any CPU.Build.0 = Debug|Any CPU
		{D7D44E94-5911-4124-9771-2BCC9328512C}.Release|Any CPU.ActiveCfg = Release|Any CPU
		{D7D44E94-5911-4124-9771-2BCC9328512C}.Release|Any CPU.Build.0 = Release|Any CPU
		{19A54FFA-311E-45DF-A236-AF1EA0B5D98F}.Debug|Any CPU.ActiveCfg = Debug|Any CPU
		{19A54FFA-311E-45DF-A236-AF1EA0B5D98F}.Debug|Any CPU.Build.0 = Debug|Any CPU
		{19A54FFA-311E-45DF-A236-AF1EA0B5D98F}.Release|Any CPU.ActiveCfg = Release|Any CPU
		{19A54FFA-311E-45DF-A236-AF1EA0B5D98F}.Release|Any CPU.Build.0 = Release|Any CPU
		{CAA26789-8DC2-4C23-9547-EA554D85D274}.Debug|Any CPU.ActiveCfg = Debug|Any CPU
		{CAA26789-8DC2-4C23-9547-EA554D85D274}.Debug|Any CPU.Build.0 = Debug|Any CPU
		{CAA26789-8DC2-4C23-9547-EA554D85D274}.Release|Any CPU.ActiveCfg = Release|Any CPU
		{CAA26789-8DC2-4C23-9547-EA554D85D274}.Release|Any CPU.Build.0 = Release|Any CPU
		{3DD2169B-13C2-48CF-B5AB-CFA651A40C96}.Debug|Any CPU.ActiveCfg = Debug|Any CPU
		{3DD2169B-13C2-48CF-B5AB-CFA651A40C96}.Debug|Any CPU.Build.0 = Debug|Any CPU
		{3DD2169B-13C2-48CF-B5AB-CFA651A40C96}.Release|Any CPU.ActiveCfg = Release|Any CPU
		{3DD2169B-13C2-48CF-B5AB-CFA651A40C96}.Release|Any CPU.Build.0 = Release|Any CPU
		{1E5505A7-6101-498E-B12D-56CD70CDF32D}.Debug|Any CPU.ActiveCfg = Debug|Any CPU
		{1E5505A7-6101-498E-B12D-56CD70CDF32D}.Debug|Any CPU.Build.0 = Debug|Any CPU
		{1E5505A7-6101-498E-B12D-56CD70CDF32D}.Release|Any CPU.ActiveCfg = Release|Any CPU
		{1E5505A7-6101-498E-B12D-56CD70CDF32D}.Release|Any CPU.Build.0 = Release|Any CPU
		{3A8CF6A4-A5EA-4734-86B1-7D8FC33F63F8}.Debug|Any CPU.ActiveCfg = Debug|Any CPU
		{3A8CF6A4-A5EA-4734-86B1-7D8FC33F63F8}.Debug|Any CPU.Build.0 = Debug|Any CPU
		{3A8CF6A4-A5EA-4734-86B1-7D8FC33F63F8}.Release|Any CPU.ActiveCfg = Release|Any CPU
		{3A8CF6A4-A5EA-4734-86B1-7D8FC33F63F8}.Release|Any CPU.Build.0 = Release|Any CPU
		{C143301F-E7FF-440C-A4A2-796A6D03BE1F}.Debug|Any CPU.ActiveCfg = Debug|Any CPU
		{C143301F-E7FF-440C-A4A2-796A6D03BE1F}.Debug|Any CPU.Build.0 = Debug|Any CPU
		{C143301F-E7FF-440C-A4A2-796A6D03BE1F}.Release|Any CPU.ActiveCfg = Release|Any CPU
		{C143301F-E7FF-440C-A4A2-796A6D03BE1F}.Release|Any CPU.Build.0 = Release|Any CPU
		{B478C29D-E3F9-43B1-9372-7F21DB3ED4D2}.Debug|Any CPU.ActiveCfg = Debug|Any CPU
		{B478C29D-E3F9-43B1-9372-7F21DB3ED4D2}.Debug|Any CPU.Build.0 = Debug|Any CPU
		{B478C29D-E3F9-43B1-9372-7F21DB3ED4D2}.Release|Any CPU.ActiveCfg = Release|Any CPU
		{B478C29D-E3F9-43B1-9372-7F21DB3ED4D2}.Release|Any CPU.Build.0 = Release|Any CPU
		{B2FC8DF4-6B3C-477B-AD86-89FC021591ED}.Debug|Any CPU.ActiveCfg = Debug|Any CPU
		{B2FC8DF4-6B3C-477B-AD86-89FC021591ED}.Debug|Any CPU.Build.0 = Debug|Any CPU
		{B2FC8DF4-6B3C-477B-AD86-89FC021591ED}.Release|Any CPU.ActiveCfg = Release|Any CPU
		{B2FC8DF4-6B3C-477B-AD86-89FC021591ED}.Release|Any CPU.Build.0 = Release|Any CPU
		{007C7D90-DAE1-42CF-862B-2EAF7DFEDE7A}.Debug|Any CPU.ActiveCfg = Debug|Any CPU
		{007C7D90-DAE1-42CF-862B-2EAF7DFEDE7A}.Debug|Any CPU.Build.0 = Debug|Any CPU
		{007C7D90-DAE1-42CF-862B-2EAF7DFEDE7A}.Release|Any CPU.ActiveCfg = Release|Any CPU
		{007C7D90-DAE1-42CF-862B-2EAF7DFEDE7A}.Release|Any CPU.Build.0 = Release|Any CPU
		{1713D8BF-0B8F-4E3B-88EC-8BF560D2F34E}.Debug|Any CPU.ActiveCfg = Debug|Any CPU
		{1713D8BF-0B8F-4E3B-88EC-8BF560D2F34E}.Debug|Any CPU.Build.0 = Debug|Any CPU
		{1713D8BF-0B8F-4E3B-88EC-8BF560D2F34E}.Release|Any CPU.ActiveCfg = Release|Any CPU
		{1713D8BF-0B8F-4E3B-88EC-8BF560D2F34E}.Release|Any CPU.Build.0 = Release|Any CPU
		{52069B66-4744-49BF-B2B3-42B2FB084F9E}.Debug|Any CPU.ActiveCfg = Debug|Any CPU
		{52069B66-4744-49BF-B2B3-42B2FB084F9E}.Debug|Any CPU.Build.0 = Debug|Any CPU
		{52069B66-4744-49BF-B2B3-42B2FB084F9E}.Release|Any CPU.ActiveCfg = Release|Any CPU
		{52069B66-4744-49BF-B2B3-42B2FB084F9E}.Release|Any CPU.Build.0 = Release|Any CPU
		{2E8A4AC7-9BD0-4D94-AE4A-BA8397FAB590}.Debug|Any CPU.ActiveCfg = Debug|Any CPU
		{2E8A4AC7-9BD0-4D94-AE4A-BA8397FAB590}.Debug|Any CPU.Build.0 = Debug|Any CPU
		{2E8A4AC7-9BD0-4D94-AE4A-BA8397FAB590}.Release|Any CPU.ActiveCfg = Release|Any CPU
		{2E8A4AC7-9BD0-4D94-AE4A-BA8397FAB590}.Release|Any CPU.Build.0 = Release|Any CPU
		{B14F6D9E-3290-4CE2-B01E-618A2E2CC93D}.Debug|Any CPU.ActiveCfg = Debug|Any CPU
		{B14F6D9E-3290-4CE2-B01E-618A2E2CC93D}.Debug|Any CPU.Build.0 = Debug|Any CPU
		{B14F6D9E-3290-4CE2-B01E-618A2E2CC93D}.Release|Any CPU.ActiveCfg = Release|Any CPU
		{B14F6D9E-3290-4CE2-B01E-618A2E2CC93D}.Release|Any CPU.Build.0 = Release|Any CPU
		{EBA213F3-4A3A-436F-BE4C-1FC21F9ADF4C}.Debug|Any CPU.ActiveCfg = Debug|Any CPU
		{EBA213F3-4A3A-436F-BE4C-1FC21F9ADF4C}.Debug|Any CPU.Build.0 = Debug|Any CPU
		{EBA213F3-4A3A-436F-BE4C-1FC21F9ADF4C}.Release|Any CPU.ActiveCfg = Release|Any CPU
		{EBA213F3-4A3A-436F-BE4C-1FC21F9ADF4C}.Release|Any CPU.Build.0 = Release|Any CPU
		{461BA9C7-F5EE-4396-88C7-DCFF5391BA7F}.Debug|Any CPU.ActiveCfg = Debug|Any CPU
		{461BA9C7-F5EE-4396-88C7-DCFF5391BA7F}.Debug|Any CPU.Build.0 = Debug|Any CPU
		{461BA9C7-F5EE-4396-88C7-DCFF5391BA7F}.Release|Any CPU.ActiveCfg = Release|Any CPU
		{461BA9C7-F5EE-4396-88C7-DCFF5391BA7F}.Release|Any CPU.Build.0 = Release|Any CPU
		{921B527E-A4ED-4C24-91D5-D2F41F129D8C}.Debug|Any CPU.ActiveCfg = Debug|Any CPU
		{921B527E-A4ED-4C24-91D5-D2F41F129D8C}.Debug|Any CPU.Build.0 = Debug|Any CPU
		{921B527E-A4ED-4C24-91D5-D2F41F129D8C}.Release|Any CPU.ActiveCfg = Release|Any CPU
		{921B527E-A4ED-4C24-91D5-D2F41F129D8C}.Release|Any CPU.Build.0 = Release|Any CPU
		{82642626-D923-42B8-9ECF-47E801B140B2}.Debug|Any CPU.ActiveCfg = Debug|Any CPU
		{82642626-D923-42B8-9ECF-47E801B140B2}.Debug|Any CPU.Build.0 = Debug|Any CPU
		{82642626-D923-42B8-9ECF-47E801B140B2}.Release|Any CPU.ActiveCfg = Release|Any CPU
		{82642626-D923-42B8-9ECF-47E801B140B2}.Release|Any CPU.Build.0 = Release|Any CPU
		{1D8EFCFD-602E-47D5-BA31-F73D3BEA5A02}.Debug|Any CPU.ActiveCfg = Debug|Any CPU
		{1D8EFCFD-602E-47D5-BA31-F73D3BEA5A02}.Debug|Any CPU.Build.0 = Debug|Any CPU
		{1D8EFCFD-602E-47D5-BA31-F73D3BEA5A02}.Release|Any CPU.ActiveCfg = Release|Any CPU
		{1D8EFCFD-602E-47D5-BA31-F73D3BEA5A02}.Release|Any CPU.Build.0 = Release|Any CPU
		{1293A4F2-960A-4413-A3F1-04F0B16293AE}.Debug|Any CPU.ActiveCfg = Debug|Any CPU
		{1293A4F2-960A-4413-A3F1-04F0B16293AE}.Debug|Any CPU.Build.0 = Debug|Any CPU
		{1293A4F2-960A-4413-A3F1-04F0B16293AE}.Release|Any CPU.ActiveCfg = Release|Any CPU
		{1293A4F2-960A-4413-A3F1-04F0B16293AE}.Release|Any CPU.Build.0 = Release|Any CPU
		{9F052FCC-F69C-4B2C-A7FF-4AA2FC7381A6}.Debug|Any CPU.ActiveCfg = Debug|Any CPU
		{9F052FCC-F69C-4B2C-A7FF-4AA2FC7381A6}.Debug|Any CPU.Build.0 = Debug|Any CPU
		{9F052FCC-F69C-4B2C-A7FF-4AA2FC7381A6}.Release|Any CPU.ActiveCfg = Release|Any CPU
		{9F052FCC-F69C-4B2C-A7FF-4AA2FC7381A6}.Release|Any CPU.Build.0 = Release|Any CPU
	EndGlobalSection
	GlobalSection(SolutionProperties) = preSolution
		HideSolutionNode = FALSE
	EndGlobalSection
	GlobalSection(NestedProjects) = preSolution
		{A0798D86-689A-4DF2-8523-0D04BC5A646F} = {38DCA28D-C51B-476B-9A0D-068E8B9945CA}
		{9A9C4643-D4B6-40F5-BD46-08BEA01369A0} = {38DCA28D-C51B-476B-9A0D-068E8B9945CA}
		{16B43E43-D17E-4508-A30C-1CE742956AE0} = {38DCA28D-C51B-476B-9A0D-068E8B9945CA}
		{D7D44E94-5911-4124-9771-2BCC9328512C} = {8A7CA8AF-4A74-422D-AAEF-949048A834E8}
		{19A54FFA-311E-45DF-A236-AF1EA0B5D98F} = {8A7CA8AF-4A74-422D-AAEF-949048A834E8}
		{CAA26789-8DC2-4C23-9547-EA554D85D274} = {8A7CA8AF-4A74-422D-AAEF-949048A834E8}
		{3DD2169B-13C2-48CF-B5AB-CFA651A40C96} = {2E533942-3117-40E2-91BD-FF0116C674A0}
		{1E5505A7-6101-498E-B12D-56CD70CDF32D} = {2E533942-3117-40E2-91BD-FF0116C674A0}
		{3A8CF6A4-A5EA-4734-86B1-7D8FC33F63F8} = {2E533942-3117-40E2-91BD-FF0116C674A0}
		{C143301F-E7FF-440C-A4A2-796A6D03BE1F} = {A5C9B364-DDA6-4E51-ADFA-7462EA3F2C00}
		{B478C29D-E3F9-43B1-9372-7F21DB3ED4D2} = {A5C9B364-DDA6-4E51-ADFA-7462EA3F2C00}
		{B2FC8DF4-6B3C-477B-AD86-89FC021591ED} = {A5C9B364-DDA6-4E51-ADFA-7462EA3F2C00}
		{007C7D90-DAE1-42CF-862B-2EAF7DFEDE7A} = {B6E932E7-B965-4A1A-BCCD-5C128D867D20}
		{1713D8BF-0B8F-4E3B-88EC-8BF560D2F34E} = {B6E932E7-B965-4A1A-BCCD-5C128D867D20}
		{52069B66-4744-49BF-B2B3-42B2FB084F9E} = {B6E932E7-B965-4A1A-BCCD-5C128D867D20}
		{2E8A4AC7-9BD0-4D94-AE4A-BA8397FAB590} = {03E40EC3-228B-41E4-80AF-4A638D7BD9E3}
		{B14F6D9E-3290-4CE2-B01E-618A2E2CC93D} = {03E40EC3-228B-41E4-80AF-4A638D7BD9E3}
		{EBA213F3-4A3A-436F-BE4C-1FC21F9ADF4C} = {03E40EC3-228B-41E4-80AF-4A638D7BD9E3}
		{461BA9C7-F5EE-4396-88C7-DCFF5391BA7F} = {DA50BCF3-3F06-4BAB-8820-6AE279D03118}
		{921B527E-A4ED-4C24-91D5-D2F41F129D8C} = {DA50BCF3-3F06-4BAB-8820-6AE279D03118}
		{82642626-D923-42B8-9ECF-47E801B140B2} = {DA50BCF3-3F06-4BAB-8820-6AE279D03118}
		{1D8EFCFD-602E-47D5-BA31-F73D3BEA5A02} = {589F3AE1-E211-4426-BBB4-0A364958E9AC}
		{1293A4F2-960A-4413-A3F1-04F0B16293AE} = {589F3AE1-E211-4426-BBB4-0A364958E9AC}
		{9F052FCC-F69C-4B2C-A7FF-4AA2FC7381A6} = {589F3AE1-E211-4426-BBB4-0A364958E9AC}
	EndGlobalSection
	GlobalSection(ExtensibilityGlobals) = postSolution
		SolutionGuid = {FEAB82EA-C3E5-4492-B6C1-BA3DB082ECA3}
	EndGlobalSection
EndGlobal
